
Microsoft Visual Studio Solution File, Format Version 11.00
# Visual Studio 2010
Project("{FAE04EC0-301F-11D3-BF4B-00C04F79EFBC}") = "ARToolKit", "Assembly-CSharp.csproj", "{6DC4F35D-B76A-40D2-179A-07820F7ABE9F}"
EndProject
Project("{FAE04EC0-301F-11D3-BF4B-00C04F79EFBC}") = "ARToolKit", "Assembly-CSharp-Editor.csproj", "{51C50521-D4C5-0B7A-2797-1DFB4347414B}"
EndProject
Global
	GlobalSection(SolutionConfigurationPlatforms) = preSolution
		Debug|Any CPU = Debug|Any CPU
		Release|Any CPU = Release|Any CPU
	EndGlobalSection
	GlobalSection(ProjectConfigurationPlatforms) = postSolution
		{6DC4F35D-B76A-40D2-179A-07820F7ABE9F}.Debug|Any CPU.ActiveCfg = Debug|Any CPU
		{6DC4F35D-B76A-40D2-179A-07820F7ABE9F}.Debug|Any CPU.Build.0 = Debug|Any CPU
		{6DC4F35D-B76A-40D2-179A-07820F7ABE9F}.Release|Any CPU.ActiveCfg = Release|Any CPU
		{6DC4F35D-B76A-40D2-179A-07820F7ABE9F}.Release|Any CPU.Build.0 = Release|Any CPU
		{51C50521-D4C5-0B7A-2797-1DFB4347414B}.Debug|Any CPU.ActiveCfg = Debug|Any CPU
		{51C50521-D4C5-0B7A-2797-1DFB4347414B}.Debug|Any CPU.Build.0 = Debug|Any CPU
		{51C50521-D4C5-0B7A-2797-1DFB4347414B}.Release|Any CPU.ActiveCfg = Release|Any CPU
		{51C50521-D4C5-0B7A-2797-1DFB4347414B}.Release|Any CPU.Build.0 = Release|Any CPU
	EndGlobalSection
	GlobalSection(SolutionProperties) = preSolution
		HideSolutionNode = FALSE
	EndGlobalSection
	GlobalSection(MonoDevelopProperties) = preSolution
		StartupItem = Assembly-CSharp.csproj
	EndGlobalSection
EndGlobal
